
Microsoft Visual Studio Solution File, Format Version 12.00
# Visual Studio Version 17
VisualStudioVersion = 17.4.33122.133
MinimumVisualStudioVersion = 10.0.40219.1
Project("{FAE04EC0-301F-11D3-BF4B-00C04F79EFBC}") = "reversenumberandword", "reversenumber\reversenumberandword.csproj", "{E6C6A412-5515-4395-B2E0-11FA0D5DA7AB}"
EndProject
Global
	GlobalSection(SolutionConfigurationPlatforms) = preSolution
		Debug|Any CPU = Debug|Any CPU
		Release|Any CPU = Release|Any CPU
	EndGlobalSection
	GlobalSection(ProjectConfigurationPlatforms) = postSolution
		{E6C6A412-5515-4395-B2E0-11FA0D5DA7AB}.Debug|Any CPU.ActiveCfg = Debug|Any CPU
		{E6C6A412-5515-4395-B2E0-11FA0D5DA7AB}.Debug|Any CPU.Build.0 = Debug|Any CPU
		{E6C6A412-5515-4395-B2E0-11FA0D5DA7AB}.Release|Any CPU.ActiveCfg = Release|Any CPU
		{E6C6A412-5515-4395-B2E0-11FA0D5DA7AB}.Release|Any CPU.Build.0 = Release|Any CPU
	EndGlobalSection
	GlobalSection(SolutionProperties) = preSolution
		HideSolutionNode = FALSE
	EndGlobalSection
	GlobalSection(ExtensibilityGlobals) = postSolution
		SolutionGuid = {6FAFED7F-3903-4229-839E-64E374FA00A7}
	EndGlobalSection
EndGlobal
