
Microsoft Visual Studio Solution File, Format Version 12.00
# Visual Studio Version 17
VisualStudioVersion = 17.4.33122.133
MinimumVisualStudioVersion = 10.0.40219.1
Project("{FAE04EC0-301F-11D3-BF4B-00C04F79EFBC}") = "Helloworld", "Helloworld\Helloworld.csproj", "{EC34929C-0F6B-4746-8385-48B7F267301C}"
EndProject
Global
	GlobalSection(SolutionConfigurationPlatforms) = preSolution
		Debug|Any CPU = Debug|Any CPU
		Release|Any CPU = Release|Any CPU
	EndGlobalSection
	GlobalSection(ProjectConfigurationPlatforms) = postSolution
		{EC34929C-0F6B-4746-8385-48B7F267301C}.Debug|Any CPU.ActiveCfg = Debug|Any CPU
		{EC34929C-0F6B-4746-8385-48B7F267301C}.Debug|Any CPU.Build.0 = Debug|Any CPU
		{EC34929C-0F6B-4746-8385-48B7F267301C}.Release|Any CPU.ActiveCfg = Release|Any CPU
		{EC34929C-0F6B-4746-8385-48B7F267301C}.Release|Any CPU.Build.0 = Release|Any CPU
	EndGlobalSection
	GlobalSection(SolutionProperties) = preSolution
		HideSolutionNode = FALSE
	EndGlobalSection
	GlobalSection(ExtensibilityGlobals) = postSolution
		SolutionGuid = {3DB0F237-1C1E-41FD-A48B-64DAF4BA8767}
	EndGlobalSection
EndGlobal
